{
  "name": "url",
  "version": "1.0.0",
  "description": "",
  "main": "app.js",
  "scripts": {
    "start": "node app.js"
  },
  "keywords": [],
  "author": "",
  "license": "ISC",
  "type": "commonjs",
  "dependencies": {
    "dotenv": "^17.4.2",
    "ejs": "^6.0.1",
    "express": "^5.2.1",
    "mongoose": "^9.9.1",
    "shortid": "^2.2.17"
  }
}
